
Microsoft Visual Studio Solution File, Format Version 12.00
# Visual Studio Version 17
VisualStudioVersion = 17.13.35931.197 d17.13
MinimumVisualStudioVersion = 10.0.40219.1
Project("{FAE04EC0-301F-11D3-BF4B-00C04F79EFBC}") = "ProgrammingClub", "ProgrammingClub\ProgrammingClub.csproj", "{EC39CDFF-85FB-4BF7-8036-42D9DE9532EE}"
EndProject
Global
	GlobalSection(SolutionConfigurationPlatforms) = preSolution
		Debug|Any CPU = Debug|Any CPU
		Release|Any CPU = Release|Any CPU
	EndGlobalSection
	GlobalSection(ProjectConfigurationPlatforms) = postSolution
		{EC39CDFF-85FB-4BF7-8036-42D9DE9532EE}.Debug|Any CPU.ActiveCfg = Debug|Any CPU
		{EC39CDFF-85FB-4BF7-8036-42D9DE9532EE}.Debug|Any CPU.Build.0 = Debug|Any CPU
		{EC39CDFF-85FB-4BF7-8036-42D9DE9532EE}.Release|Any CPU.ActiveCfg = Release|Any CPU
		{EC39CDFF-85FB-4BF7-8036-42D9DE9532EE}.Release|Any CPU.Build.0 = Release|Any CPU
	EndGlobalSection
	GlobalSection(SolutionProperties) = preSolution
		HideSolutionNode = FALSE
	EndGlobalSection
	GlobalSection(ExtensibilityGlobals) = postSolution
		SolutionGuid = {28260845-C869-4E95-A3E8-D2B9EB6E5856}
	EndGlobalSection
EndGlobal
